
Microsoft Visual Studio Solution File, Format Version 12.00
# Visual Studio Version 16
VisualStudioVersion = 16.0.30717.126
MinimumVisualStudioVersion = 10.0.40219.1
Project("{FAE04EC0-301F-11D3-BF4B-00C04F79EFBC}") = "AzureBlobStorage", "AzureBlobStorage\AzureBlobStorage.csproj", "{2C754E0C-939C-4EA4-B1AA-FB1E8D8CFBE6}"
EndProject
Global
	GlobalSection(SolutionConfigurationPlatforms) = preSolution
		Debug|Any CPU = Debug|Any CPU
		Release|Any CPU = Release|Any CPU
	EndGlobalSection
	GlobalSection(ProjectConfigurationPlatforms) = postSolution
		{2C754E0C-939C-4EA4-B1AA-FB1E8D8CFBE6}.Debug|Any CPU.ActiveCfg = Debug|Any CPU
		{2C754E0C-939C-4EA4-B1AA-FB1E8D8CFBE6}.Debug|Any CPU.Build.0 = Debug|Any CPU
		{2C754E0C-939C-4EA4-B1AA-FB1E8D8CFBE6}.Release|Any CPU.ActiveCfg = Release|Any CPU
		{2C754E0C-939C-4EA4-B1AA-FB1E8D8CFBE6}.Release|Any CPU.Build.0 = Release|Any CPU
	EndGlobalSection
	GlobalSection(SolutionProperties) = preSolution
		HideSolutionNode = FALSE
	EndGlobalSection
	GlobalSection(ExtensibilityGlobals) = postSolution
		SolutionGuid = {0F5DE7B3-078A-4ABB-8CAD-318CA719CA3C}
	EndGlobalSection
EndGlobal
